
Microsoft Visual Studio Solution File, Format Version 12.00
# Visual Studio Version 16
VisualStudioVersion = 16.0.30907.101
MinimumVisualStudioVersion = 10.0.40219.1
Project("{FAE04EC0-301F-11D3-BF4B-00C04F79EFBC}") = "ReviewBds", "ReviewBds.csproj", "{E351F33B-85D8-43D5-A307-9EA576560FE4}"
EndProject
Global
	GlobalSection(SolutionConfigurationPlatforms) = preSolution
		Debug|Any CPU = Debug|Any CPU
		Release|Any CPU = Release|Any CPU
	EndGlobalSection
	GlobalSection(ProjectConfigurationPlatforms) = postSolution
		{E351F33B-85D8-43D5-A307-9EA576560FE4}.Debug|Any CPU.ActiveCfg = Debug|Any CPU
		{E351F33B-85D8-43D5-A307-9EA576560FE4}.Debug|Any CPU.Build.0 = Debug|Any CPU
		{E351F33B-85D8-43D5-A307-9EA576560FE4}.Release|Any CPU.ActiveCfg = Release|Any CPU
		{E351F33B-85D8-43D5-A307-9EA576560FE4}.Release|Any CPU.Build.0 = Release|Any CPU
	EndGlobalSection
	GlobalSection(SolutionProperties) = preSolution
		HideSolutionNode = FALSE
	EndGlobalSection
	GlobalSection(ExtensibilityGlobals) = postSolution
		SolutionGuid = {11D36177-9545-4E2F-8EBC-1E28A86D5D26}
	EndGlobalSection
EndGlobal
